
Microsoft Visual Studio Solution File, Format Version 12.00
# Visual Studio Version 16
VisualStudioVersion = 16.0.28809.33
MinimumVisualStudioVersion = 10.0.40219.1
Project("{FAE04EC0-301F-11D3-BF4B-00C04F79EFBC}") = "FirstWindowService", "FirstWindowService\FirstWindowService.csproj", "{5AEB6C76-5623-4C40-9EEA-E045B19831E5}"
EndProject
Global
	GlobalSection(SolutionConfigurationPlatforms) = preSolution
		Debug|Any CPU = Debug|Any CPU
		Release|Any CPU = Release|Any CPU
	EndGlobalSection
	GlobalSection(ProjectConfigurationPlatforms) = postSolution
		{5AEB6C76-5623-4C40-9EEA-E045B19831E5}.Debug|Any CPU.ActiveCfg = Debug|Any CPU
		{5AEB6C76-5623-4C40-9EEA-E045B19831E5}.Debug|Any CPU.Build.0 = Debug|Any CPU
		{5AEB6C76-5623-4C40-9EEA-E045B19831E5}.Release|Any CPU.ActiveCfg = Release|Any CPU
		{5AEB6C76-5623-4C40-9EEA-E045B19831E5}.Release|Any CPU.Build.0 = Release|Any CPU
	EndGlobalSection
	GlobalSection(SolutionProperties) = preSolution
		HideSolutionNode = FALSE
	EndGlobalSection
	GlobalSection(ExtensibilityGlobals) = postSolution
		SolutionGuid = {96628ABF-BC70-48E6-9C63-34A92D87F084}
	EndGlobalSection
EndGlobal
