
Microsoft Visual Studio Solution File, Format Version 12.00
# Visual Studio Version 16
VisualStudioVersion = 16.0.28809.33
MinimumVisualStudioVersion = 10.0.40219.1
Project("{FAE04EC0-301F-11D3-BF4B-00C04F79EFBC}") = "AnhCoder", "AnhCoder\AnhCoder.csproj", "{3349CDF5-2FB7-4895-8B4B-06234335EFDC}"
EndProject
Global
	GlobalSection(SolutionConfigurationPlatforms) = preSolution
		Debug|Any CPU = Debug|Any CPU
		Release|Any CPU = Release|Any CPU
	EndGlobalSection
	GlobalSection(ProjectConfigurationPlatforms) = postSolution
		{3349CDF5-2FB7-4895-8B4B-06234335EFDC}.Debug|Any CPU.ActiveCfg = Debug|Any CPU
		{3349CDF5-2FB7-4895-8B4B-06234335EFDC}.Debug|Any CPU.Build.0 = Debug|Any CPU
		{3349CDF5-2FB7-4895-8B4B-06234335EFDC}.Release|Any CPU.ActiveCfg = Release|Any CPU
		{3349CDF5-2FB7-4895-8B4B-06234335EFDC}.Release|Any CPU.Build.0 = Release|Any CPU
	EndGlobalSection
	GlobalSection(SolutionProperties) = preSolution
		HideSolutionNode = FALSE
	EndGlobalSection
	GlobalSection(ExtensibilityGlobals) = postSolution
		SolutionGuid = {41A046BA-BC48-4A2C-9FFB-8221CD00B9FD}
	EndGlobalSection
EndGlobal
