
Microsoft Visual Studio Solution File, Format Version 12.00
# Visual Studio Version 16
VisualStudioVersion = 16.0.28809.33
MinimumVisualStudioVersion = 10.0.40219.1
Project("{FAE04EC0-301F-11D3-BF4B-00C04F79EFBC}") = "VHServer", "VHServer\VHServer.csproj", "{250CCFD7-E78C-434F-B642-A6406E1FE9DD}"
EndProject
Project("{FAE04EC0-301F-11D3-BF4B-00C04F79EFBC}") = "VHClient", "VHClient\VHClient.csproj", "{01EA46D1-025D-4306-8444-0A921C2644C6}"
EndProject
Global
	GlobalSection(SolutionConfigurationPlatforms) = preSolution
		Debug|Any CPU = Debug|Any CPU
		Release|Any CPU = Release|Any CPU
	EndGlobalSection
	GlobalSection(ProjectConfigurationPlatforms) = postSolution
		{250CCFD7-E78C-434F-B642-A6406E1FE9DD}.Debug|Any CPU.ActiveCfg = Debug|Any CPU
		{250CCFD7-E78C-434F-B642-A6406E1FE9DD}.Debug|Any CPU.Build.0 = Debug|Any CPU
		{250CCFD7-E78C-434F-B642-A6406E1FE9DD}.Release|Any CPU.ActiveCfg = Release|Any CPU
		{250CCFD7-E78C-434F-B642-A6406E1FE9DD}.Release|Any CPU.Build.0 = Release|Any CPU
		{01EA46D1-025D-4306-8444-0A921C2644C6}.Debug|Any CPU.ActiveCfg = Debug|Any CPU
		{01EA46D1-025D-4306-8444-0A921C2644C6}.Debug|Any CPU.Build.0 = Debug|Any CPU
		{01EA46D1-025D-4306-8444-0A921C2644C6}.Release|Any CPU.ActiveCfg = Release|Any CPU
		{01EA46D1-025D-4306-8444-0A921C2644C6}.Release|Any CPU.Build.0 = Release|Any CPU
	EndGlobalSection
	GlobalSection(SolutionProperties) = preSolution
		HideSolutionNode = FALSE
	EndGlobalSection
	GlobalSection(ExtensibilityGlobals) = postSolution
		SolutionGuid = {2E946CD6-C8E3-4F6E-A30B-1FDE5391EA44}
	EndGlobalSection
EndGlobal
